# This file is automatically @generated by Cargo.
# It is not intended for manual editing.
version = 3

[[package]]
name = "kaiju-analysis"
version = "0.1.0"
dependencies = [
 "kaiju-core",
 "kaiju-disasm",
 "kaiju-loader",
 "kaiju-project",
]

[[package]]
name = "kaiju-arch"
version = "0.1.0"
dependencies = [
 "kaiju-core",
]

[[package]]
name = "kaiju-cli"
version = "0.1.0"
dependencies = [
 "kaiju-analysis",
 "kaiju-arch",
 "kaiju-core",
 "kaiju-disasm",
 "kaiju-ir",
 "kaiju-loader",
 "kaiju-project",
]

[[package]]
name = "kaiju-core"
version = "0.1.0"

[[package]]
name = "kaiju-disasm"
version = "0.1.0"
dependencies = [
 "kaiju-core",
]

[[package]]
name = "kaiju-example-basic-disasm"
version = "0.1.0"
dependencies = [
 "kaiju-core",
 "kaiju-disasm",
 "kaiju-loader",
]

[[package]]
name = "kaiju-example-basic-load"
version = "0.1.0"
dependencies = [
 "kaiju-loader",
]

[[package]]
name = "kaiju-ir"
version = "0.1.0"
dependencies = [
 "kaiju-core",
 "kaiju-disasm",
]

[[package]]
name = "kaiju-loader"
version = "0.1.0"
dependencies = [
 "kaiju-core",
]

[[package]]
name = "kaiju-plugin-api"
version = "0.1.0"
dependencies = [
 "kaiju-core",
 "kaiju-loader",
 "kaiju-project",
]

[[package]]
name = "kaiju-project"
version = "0.1.0"
dependencies = [
 "kaiju-core",
 "kaiju-loader",
]
